
Microsoft Visual Studio Solution File, Format Version 12.00
# Visual Studio Version 16
VisualStudioVersion = 16.0.29613.14
MinimumVisualStudioVersion = 10.0.40219.1
Project("{FAE04EC0-301F-11D3-BF4B-00C04F79EFBC}") = "TronGame", "TronGame.csproj", "{5F6EF04C-B1AA-4C4F-892E-A4089570C899}"
EndProject
Global
	GlobalSection(SolutionConfigurationPlatforms) = preSolution
		Debug|Any CPU = Debug|Any CPU
		Release|Any CPU = Release|Any CPU
	EndGlobalSection
	GlobalSection(ProjectConfigurationPlatforms) = postSolution
		{5F6EF04C-B1AA-4C4F-892E-A4089570C899}.Debug|Any CPU.ActiveCfg = Debug|Any CPU
		{5F6EF04C-B1AA-4C4F-892E-A4089570C899}.Debug|Any CPU.Build.0 = Debug|Any CPU
		{5F6EF04C-B1AA-4C4F-892E-A4089570C899}.Release|Any CPU.ActiveCfg = Release|Any CPU
		{5F6EF04C-B1AA-4C4F-892E-A4089570C899}.Release|Any CPU.Build.0 = Release|Any CPU
	EndGlobalSection
	GlobalSection(SolutionProperties) = preSolution
		HideSolutionNode = FALSE
	EndGlobalSection
	GlobalSection(ExtensibilityGlobals) = postSolution
		SolutionGuid = {913F3AC0-05A9-453B-985A-6A498325B0E6}
	EndGlobalSection
EndGlobal
